<?xml version="1.0" encoding="utf-8"?>
<Project ToolsVersion="4.0" xmlns="http://schemas.microsoft.com/developer/msbuild/2003">
  <ItemGroup>
    <Filter Include="Source Files">
      <UniqueIdentifier>{4FC737F1-C7A5-4376-A066-2A32D752A2FF}</UniqueIdentifier>
      <Extensions>cpp;c;cc;cxx;c++;cppm;ixx;def;odl;idl;hpj;bat;asm;asmx</Extensions>
    </Filter>
    <Filter Include="Header Files">
      <UniqueIdentifier>{93995380-89BD-4b04-88EB-625FBE52EBFB}</UniqueIdentifier>
      <Extensions>h;hh;hpp;hxx;h++;hm;inl;inc;ipp;xsd</Extensions>
    </Filter>
    <Filter Include="Resource Files">
      <UniqueIdentifier>{67DA6AB6-F800-4c08-8B7A-83BB121AAD01}</UniqueIdentifier>
      <Extensions>rc;ico;cur;bmp;dlg;rc2;rct;bin;rgs;gif;jpg;jpeg;jpe;resx;tiff;tif;png;wav;mfcribbon-ms</Extensions>
    </Filter>
  </ItemGroup>
  <ItemGroup>
    <ClInclude Include="src\include\ui\Canvas.h">
      <Filter>Header Files</Filter>
    </ClInclude>
    <ClInclude Include="src\Shader.h">
      <Filter>Header Files</Filter>
    </ClInclude>
    <ClInclude Include="src\include\ui\UIQuad.h">
      <Filter>Header Files</Filter>
    </ClInclude>
    <ClInclude Include="src\include\ui\UIBlock.h">
      <Filter>Header Files</Filter>
    </ClInclude>
    <ClInclude Include="src\include\ui\constraints\ConstraintSet.h">
      <Filter>Header Files</Filter>
    </ClInclude>
    <ClInclude Include="src\include\ui\constraints\Constraint.h">
      <Filter>Header Files</Filter>
    </ClInclude>
    <ClInclude Include="src\include\ui\constraints\PixelConstraint.h">
      <Filter>Header Files</Filter>
    </ClInclude>
    <ClInclude Include="src\include\ui\constraints\RelativeConstraint.h">
      <Filter>Header Files</Filter>
    </ClInclude>
    <ClInclude Include="src\include\ui\constraints\RelativeOffsetConstraint.h">
      <Filter>Header Files</Filter>
    </ClInclude>
    <ClInclude Include="src\include\ui\constraints\AspectRatioConstraint.h">
      <Filter>Header Files</Filter>
    </ClInclude>
    <ClInclude Include="src\include\ui\constraints\Constraints.h">
      <Filter>Header Files</Filter>
    </ClInclude>
    <ClInclude Include="src\include\ui\containers\Container.h">
      <Filter>Header Files</Filter>
    </ClInclude>
    <ClInclude Include="src\include\ui\containers\RowContainer.h">
      <Filter>Header Files</Filter>
    </ClInclude>
    <ClInclude Include="src\include\ui\text\font\Font.h">
      <Filter>Header Files</Filter>
    </ClInclude>
    <ClInclude Include="src\UITexture.h">
      <Filter>Header Files</Filter>
    </ClInclude>
    <ClInclude Include="src\include\ui\text\font\FontMesher.h">
      <Filter>Header Files</Filter>
    </ClInclude>
    <ClInclude Include="src\include\ui\text\Text.h">
      <Filter>Header Files</Filter>
    </ClInclude>
    <ClInclude Include="src\include\ui\text\TextBox.h">
      <Filter>Header Files</Filter>
    </ClInclude>
  </ItemGroup>
  <ItemGroup>
    <ClCompile Include="src\include\ui\Canvas.cpp">
      <Filter>Source Files</Filter>
    </ClCompile>
    <ClCompile Include="src\Shader.cpp">
      <Filter>Source Files</Filter>
    </ClCompile>
    <ClCompile Include="src\include\ui\UIQuad.cpp">
      <Filter>Source Files</Filter>
    </ClCompile>
    <ClCompile Include="src\include\ui\UIBlock.cpp">
      <Filter>Source Files</Filter>
    </ClCompile>
    <ClCompile Include="src\include\ui\constraints\ConstraintSet.cpp">
      <Filter>Source Files</Filter>
    </ClCompile>
    <ClCompile Include="src\include\ui\constraints\PixelConstraint.cpp">
      <Filter>Source Files</Filter>
    </ClCompile>
    <ClCompile Include="src\include\ui\constraints\RelativeConstraint.cpp">
      <Filter>Source Files</Filter>
    </ClCompile>
    <ClCompile Include="src\include\ui\constraints\RelativeOffsetConstraint.cpp">
      <Filter>Source Files</Filter>
    </ClCompile>
    <ClCompile Include="src\include\ui\constraints\AspectRatioConstraint.cpp">
      <Filter>Source Files</Filter>
    </ClCompile>
    <ClCompile Include="src\include\ui\containers\Container.cpp">
      <Filter>Source Files</Filter>
    </ClCompile>
    <ClCompile Include="src\include\ui\containers\RowContainer.cpp">
      <Filter>Source Files</Filter>
    </ClCompile>
    <ClCompile Include="src\include\ui\text\font\Font.cpp">
      <Filter>Source Files</Filter>
    </ClCompile>
    <ClCompile Include="src\UITexture.cpp">
      <Filter>Source Files</Filter>
    </ClCompile>
    <ClCompile Include="src\include\ui\text\font\FontMesher.cpp">
      <Filter>Source Files</Filter>
    </ClCompile>
    <ClCompile Include="src\include\ui\text\Text.cpp">
      <Filter>Source Files</Filter>
    </ClCompile>
    <ClCompile Include="src\include\ui\text\TextBox.cpp">
      <Filter>Source Files</Filter>
    </ClCompile>
  </ItemGroup>
</Project>